
Microsoft Visual Studio Solution File, Format Version 12.00
# Visual Studio 2012
Project("{FAE04EC0-301F-11D3-BF4B-00C04F79EFBC}") = "HW1", "HW1\HW1.csproj", "{EDF3175E-00F2-49C0-BE1F-3ADD3068C508}"
EndProject
Project("{FAE04EC0-301F-11D3-BF4B-00C04F79EFBC}") = "CS422", "CS422\CS422.csproj", "{E2F4A9FA-0610-4AE0-B7A0-8F2EB1894B57}"
EndProject
Project("{FAE04EC0-301F-11D3-BF4B-00C04F79EFBC}") = "CS422Test", "CS422Test\CS422Test.csproj", "{F8D5678B-52D8-453F-BB78-BFDCE15163A0}"
EndProject
Global
	GlobalSection(SolutionConfigurationPlatforms) = preSolution
		Debug|x86 = Debug|x86
		Release|x86 = Release|x86
	EndGlobalSection
	GlobalSection(ProjectConfigurationPlatforms) = postSolution
		{E2F4A9FA-0610-4AE0-B7A0-8F2EB1894B57}.Debug|x86.ActiveCfg = Debug|Any CPU
		{E2F4A9FA-0610-4AE0-B7A0-8F2EB1894B57}.Debug|x86.Build.0 = Debug|Any CPU
		{E2F4A9FA-0610-4AE0-B7A0-8F2EB1894B57}.Release|x86.ActiveCfg = Release|Any CPU
		{E2F4A9FA-0610-4AE0-B7A0-8F2EB1894B57}.Release|x86.Build.0 = Release|Any CPU
		{EDF3175E-00F2-49C0-BE1F-3ADD3068C508}.Debug|x86.ActiveCfg = Debug|x86
		{EDF3175E-00F2-49C0-BE1F-3ADD3068C508}.Debug|x86.Build.0 = Debug|x86
		{EDF3175E-00F2-49C0-BE1F-3ADD3068C508}.Release|x86.ActiveCfg = Release|x86
		{EDF3175E-00F2-49C0-BE1F-3ADD3068C508}.Release|x86.Build.0 = Release|x86
		{F8D5678B-52D8-453F-BB78-BFDCE15163A0}.Debug|x86.ActiveCfg = Debug|Any CPU
		{F8D5678B-52D8-453F-BB78-BFDCE15163A0}.Debug|x86.Build.0 = Debug|Any CPU
		{F8D5678B-52D8-453F-BB78-BFDCE15163A0}.Release|x86.ActiveCfg = Release|Any CPU
		{F8D5678B-52D8-453F-BB78-BFDCE15163A0}.Release|x86.Build.0 = Release|Any CPU
	EndGlobalSection
EndGlobal
